{
  "requires": true,
  "lockfileVersion": 1,
  "dependencies": {
    "splitpanes": {
      "version": "2.2.1",
      "resolved": "https://registry.npmjs.org/splitpanes/-/splitpanes-2.2.1.tgz",
      "integrity": "sha512-r7ypbW7IkH6yKUWpCbBqHdZcxI1PwEAMC3Yfeds+lJ0MpBGOl1mbTazXUK7gchUyVGmtq7paLin1YslLY5UhAQ=="
    }
  }
}
